
Microsoft Visual Studio Solution File, Format Version 12.00
# Visual Studio Version 17
VisualStudioVersion = 17.13.35913.81
MinimumVisualStudioVersion = 10.0.40219.1
Project("{FAE04EC0-301F-11D3-BF4B-00C04F79EFBC}") = "Finance_Monitor", "Finance_Monitor.csproj", "{0501C91C-72F2-4E59-90A9-8B0E34FAB46A}"
EndProject
Global
	GlobalSection(SolutionConfigurationPlatforms) = preSolution
		Debug|Any CPU = Debug|Any CPU
		Release|Any CPU = Release|Any CPU
	EndGlobalSection
	GlobalSection(ProjectConfigurationPlatforms) = postSolution
		{0501C91C-72F2-4E59-90A9-8B0E34FAB46A}.Debug|Any CPU.ActiveCfg = Debug|Any CPU
		{0501C91C-72F2-4E59-90A9-8B0E34FAB46A}.Debug|Any CPU.Build.0 = Debug|Any CPU
		{0501C91C-72F2-4E59-90A9-8B0E34FAB46A}.Release|Any CPU.ActiveCfg = Release|Any CPU
		{0501C91C-72F2-4E59-90A9-8B0E34FAB46A}.Release|Any CPU.Build.0 = Release|Any CPU
	EndGlobalSection
	GlobalSection(SolutionProperties) = preSolution
		HideSolutionNode = FALSE
	EndGlobalSection
	GlobalSection(ExtensibilityGlobals) = postSolution
		SolutionGuid = {05C283B7-4516-4D75-AFEC-59E89F2402B3}
	EndGlobalSection
EndGlobal
